
Microsoft Visual Studio Solution File, Format Version 12.00
# Visual Studio Version 17
VisualStudioVersion = 17.5.002.0
MinimumVisualStudioVersion = 10.0.40219.1
Project("{9A19103F-16F7-4668-BE54-9A1E7A4F7556}") = "Task 1", "Task 1.csproj", "{8165C6F7-BF9C-409C-ACAE-56EA2D54756B}"
EndProject
Global
	GlobalSection(SolutionConfigurationPlatforms) = preSolution
		Debug|Any CPU = Debug|Any CPU
		Release|Any CPU = Release|Any CPU
	EndGlobalSection
	GlobalSection(ProjectConfigurationPlatforms) = postSolution
		{8165C6F7-BF9C-409C-ACAE-56EA2D54756B}.Debug|Any CPU.ActiveCfg = Debug|Any CPU
		{8165C6F7-BF9C-409C-ACAE-56EA2D54756B}.Debug|Any CPU.Build.0 = Debug|Any CPU
		{8165C6F7-BF9C-409C-ACAE-56EA2D54756B}.Release|Any CPU.ActiveCfg = Release|Any CPU
		{8165C6F7-BF9C-409C-ACAE-56EA2D54756B}.Release|Any CPU.Build.0 = Release|Any CPU
	EndGlobalSection
	GlobalSection(SolutionProperties) = preSolution
		HideSolutionNode = FALSE
	EndGlobalSection
	GlobalSection(ExtensibilityGlobals) = postSolution
		SolutionGuid = {0F9A31A9-0D50-4988-9F09-F2670DAD6B1D}
	EndGlobalSection
EndGlobal
