
Microsoft Visual Studio Solution File, Format Version 12.00
# Visual Studio Version 17
VisualStudioVersion = 17.5.002.0
MinimumVisualStudioVersion = 10.0.40219.1
Project("{9A19103F-16F7-4668-BE54-9A1E7A4F7556}") = "Task 2", "Task 2.csproj", "{709BCA8E-7D68-46E4-9D61-C24B6C488DDA}"
EndProject
Global
	GlobalSection(SolutionConfigurationPlatforms) = preSolution
		Debug|Any CPU = Debug|Any CPU
		Release|Any CPU = Release|Any CPU
	EndGlobalSection
	GlobalSection(ProjectConfigurationPlatforms) = postSolution
		{709BCA8E-7D68-46E4-9D61-C24B6C488DDA}.Debug|Any CPU.ActiveCfg = Debug|Any CPU
		{709BCA8E-7D68-46E4-9D61-C24B6C488DDA}.Debug|Any CPU.Build.0 = Debug|Any CPU
		{709BCA8E-7D68-46E4-9D61-C24B6C488DDA}.Release|Any CPU.ActiveCfg = Release|Any CPU
		{709BCA8E-7D68-46E4-9D61-C24B6C488DDA}.Release|Any CPU.Build.0 = Release|Any CPU
	EndGlobalSection
	GlobalSection(SolutionProperties) = preSolution
		HideSolutionNode = FALSE
	EndGlobalSection
	GlobalSection(ExtensibilityGlobals) = postSolution
		SolutionGuid = {33CC70F1-FDEB-489F-A33D-7F0FF2025D25}
	EndGlobalSection
EndGlobal
